
Microsoft Visual Studio Solution File, Format Version 12.00
# Visual Studio Version 17
VisualStudioVersion = 17.3.32825.248
MinimumVisualStudioVersion = 10.0.40219.1
Project("{FAE04EC0-301F-11D3-BF4B-00C04F79EFBC}") = "MatchingGame", "MatchingGame.csproj", "{F2ECC02C-E847-4FC5-A449-7DA3746A5940}"
EndProject
Global
	GlobalSection(SolutionConfigurationPlatforms) = preSolution
		Debug|Any CPU = Debug|Any CPU
		Release|Any CPU = Release|Any CPU
	EndGlobalSection
	GlobalSection(ProjectConfigurationPlatforms) = postSolution
		{F2ECC02C-E847-4FC5-A449-7DA3746A5940}.Debug|Any CPU.ActiveCfg = Debug|Any CPU
		{F2ECC02C-E847-4FC5-A449-7DA3746A5940}.Debug|Any CPU.Build.0 = Debug|Any CPU
		{F2ECC02C-E847-4FC5-A449-7DA3746A5940}.Release|Any CPU.ActiveCfg = Release|Any CPU
		{F2ECC02C-E847-4FC5-A449-7DA3746A5940}.Release|Any CPU.Build.0 = Release|Any CPU
	EndGlobalSection
	GlobalSection(SolutionProperties) = preSolution
		HideSolutionNode = FALSE
	EndGlobalSection
	GlobalSection(ExtensibilityGlobals) = postSolution
		SolutionGuid = {9AF12BDE-ED71-4CD9-A183-7B5AC0BEBFE3}
	EndGlobalSection
EndGlobal
